{
  "name": "proctor-interface-root",
  "lockfileVersion": 3,
  "requires": true,
  "packages": {
    "": {
      "name": "proctor-interface-root",
      "dependencies": {
        "agora-rtm": "^2.2.3-2"
      }
    },
    "node_modules/agora-rtm": {
      "version": "2.2.3-2",
      "resolved": "https://registry.npmjs.org/agora-rtm/-/agora-rtm-2.2.3-2.tgz",
      "integrity": "sha512-dcCHcw2MhY6sX6blUiswjV5HykWLpGvMZF+6kfe4VjfxFoeVay6kRNqh/6PwkvmzEanDK10/DhftF4XfHdKYmA==",
      "license": "Apache",
      "peerDependencies": {
        "agora-rtc-sdk-ng": "4.23.0"
      }
    }
  }
}
